
Microsoft Visual Studio Solution File, Format Version 12.00
# Visual Studio Version 17
VisualStudioVersion = 17.4.33213.308
MinimumVisualStudioVersion = 10.0.40219.1
Project("{FAE04EC0-301F-11D3-BF4B-00C04F79EFBC}") = "Bulk_Storage_Solutions", "Bulk_Storage_Solutions\Bulk_Storage_Solutions.csproj", "{AA61CEAD-E354-4C8A-A625-5035727EAAEB}"
EndProject
Global
	GlobalSection(SolutionConfigurationPlatforms) = preSolution
		Debug|Any CPU = Debug|Any CPU
		Release|Any CPU = Release|Any CPU
	EndGlobalSection
	GlobalSection(ProjectConfigurationPlatforms) = postSolution
		{AA61CEAD-E354-4C8A-A625-5035727EAAEB}.Debug|Any CPU.ActiveCfg = Debug|Any CPU
		{AA61CEAD-E354-4C8A-A625-5035727EAAEB}.Debug|Any CPU.Build.0 = Debug|Any CPU
		{AA61CEAD-E354-4C8A-A625-5035727EAAEB}.Release|Any CPU.ActiveCfg = Release|Any CPU
		{AA61CEAD-E354-4C8A-A625-5035727EAAEB}.Release|Any CPU.Build.0 = Release|Any CPU
	EndGlobalSection
	GlobalSection(SolutionProperties) = preSolution
		HideSolutionNode = FALSE
	EndGlobalSection
	GlobalSection(ExtensibilityGlobals) = postSolution
		SolutionGuid = {E833A107-9B71-4390-80D1-20B0366729A3}
	EndGlobalSection
EndGlobal
